
Microsoft Visual Studio Solution File, Format Version 12.00
# Visual Studio Version 17
VisualStudioVersion = 17.0.32126.317
MinimumVisualStudioVersion = 10.0.40219.1
Project("{9A19103F-16F7-4668-BE54-9A1E7A4F7556}") = "Tracer.Serialization.Abstractions", "Tracer.Serialization.Abstractions\Tracer.Serialization.Abstractions.csproj", "{0354E82C-1761-4EC1-8A99-706F11DE975A}"
EndProject
Project("{9A19103F-16F7-4668-BE54-9A1E7A4F7556}") = "Tracer.Example", "Tracer.Example\Tracer.Example.csproj", "{B83F7495-33A0-48D7-82C2-BA552FA8E15E}"
	ProjectSection(ProjectDependencies) = postProject
		{0354E82C-1761-4EC1-8A99-706F11DE975A} = {0354E82C-1761-4EC1-8A99-706F11DE975A}
		{61686A8E-FE15-4398-A3C6-9AACF85E6AB4} = {61686A8E-FE15-4398-A3C6-9AACF85E6AB4}
	EndProjectSection
EndProject
Project("{2150E333-8FDC-42A3-9474-1A3956D46DE8}") = "Tracer.Serialization.Impl", "Tracer.Serialization.Impl", "{971080DA-8D68-4D6A-B243-1F2C6F5D2C2B}"
EndProject
Project("{9A19103F-16F7-4668-BE54-9A1E7A4F7556}") = "Tracer.Serialization.Json", "..\Tracer.Serialization\Tracer.Serialization.Json\Tracer.Serialization.Json.csproj", "{61686A8E-FE15-4398-A3C6-9AACF85E6AB4}"
EndProject
Project("{9A19103F-16F7-4668-BE54-9A1E7A4F7556}") = "Tracer.Serialization.Xml", "..\Tracer.Serialization\Tracer.Serialization.Xml\Tracer.Serialization.Xml.csproj", "{405CC16C-DECD-4BF3-8B44-72361D0B1054}"
EndProject
Project("{9A19103F-16F7-4668-BE54-9A1E7A4F7556}") = "Tracer.Serialization.Yaml", "..\Tracer.Serialization\Tracer.Serialization.Yaml\Tracer.Serialization.Yaml.csproj", "{47E86074-04D0-4C96-89EC-1CC325D83C7D}"
EndProject
Project("{9A19103F-16F7-4668-BE54-9A1E7A4F7556}") = "Tracer.Core.Tests", "Tracer.Core.Tests\Tracer.Core.Tests.csproj", "{4214958D-410A-4538-920C-9DCD30586E1D}"
EndProject
Project("{9A19103F-16F7-4668-BE54-9A1E7A4F7556}") = "Tracer.Core", "Tracer.Core\Tracer.Core.csproj", "{91FEABB3-D978-49C3-832F-F94C525155B5}"
	ProjectSection(ProjectDependencies) = postProject
		{0354E82C-1761-4EC1-8A99-706F11DE975A} = {0354E82C-1761-4EC1-8A99-706F11DE975A}
	EndProjectSection
EndProject
Project("{FAE04EC0-301F-11D3-BF4B-00C04F79EFBC}") = "Tracer.Serialization.Plugins", "Tracer.Serialization.Plugins\Tracer.Serialization.Plugins.csproj", "{1ED407C1-9E2F-4395-A012-11FB4D10F4F8}"
EndProject
Global
	GlobalSection(SolutionConfigurationPlatforms) = preSolution
		Debug|Any CPU = Debug|Any CPU
		Release|Any CPU = Release|Any CPU
	EndGlobalSection
	GlobalSection(ProjectConfigurationPlatforms) = postSolution
		{0354E82C-1761-4EC1-8A99-706F11DE975A}.Debug|Any CPU.ActiveCfg = Debug|Any CPU
		{0354E82C-1761-4EC1-8A99-706F11DE975A}.Debug|Any CPU.Build.0 = Debug|Any CPU
		{0354E82C-1761-4EC1-8A99-706F11DE975A}.Release|Any CPU.ActiveCfg = Release|Any CPU
		{0354E82C-1761-4EC1-8A99-706F11DE975A}.Release|Any CPU.Build.0 = Release|Any CPU
		{B83F7495-33A0-48D7-82C2-BA552FA8E15E}.Debug|Any CPU.ActiveCfg = Debug|Any CPU
		{B83F7495-33A0-48D7-82C2-BA552FA8E15E}.Debug|Any CPU.Build.0 = Debug|Any CPU
		{B83F7495-33A0-48D7-82C2-BA552FA8E15E}.Release|Any CPU.ActiveCfg = Release|Any CPU
		{B83F7495-33A0-48D7-82C2-BA552FA8E15E}.Release|Any CPU.Build.0 = Release|Any CPU
		{61686A8E-FE15-4398-A3C6-9AACF85E6AB4}.Debug|Any CPU.ActiveCfg = Debug|Any CPU
		{61686A8E-FE15-4398-A3C6-9AACF85E6AB4}.Debug|Any CPU.Build.0 = Debug|Any CPU
		{61686A8E-FE15-4398-A3C6-9AACF85E6AB4}.Release|Any CPU.ActiveCfg = Release|Any CPU
		{61686A8E-FE15-4398-A3C6-9AACF85E6AB4}.Release|Any CPU.Build.0 = Release|Any CPU
		{405CC16C-DECD-4BF3-8B44-72361D0B1054}.Debug|Any CPU.ActiveCfg = Debug|Any CPU
		{405CC16C-DECD-4BF3-8B44-72361D0B1054}.Debug|Any CPU.Build.0 = Debug|Any CPU
		{405CC16C-DECD-4BF3-8B44-72361D0B1054}.Release|Any CPU.ActiveCfg = Release|Any CPU
		{405CC16C-DECD-4BF3-8B44-72361D0B1054}.Release|Any CPU.Build.0 = Release|Any CPU
		{47E86074-04D0-4C96-89EC-1CC325D83C7D}.Debug|Any CPU.ActiveCfg = Debug|Any CPU
		{47E86074-04D0-4C96-89EC-1CC325D83C7D}.Debug|Any CPU.Build.0 = Debug|Any CPU
		{47E86074-04D0-4C96-89EC-1CC325D83C7D}.Release|Any CPU.ActiveCfg = Release|Any CPU
		{47E86074-04D0-4C96-89EC-1CC325D83C7D}.Release|Any CPU.Build.0 = Release|Any CPU
		{4214958D-410A-4538-920C-9DCD30586E1D}.Debug|Any CPU.ActiveCfg = Debug|Any CPU
		{4214958D-410A-4538-920C-9DCD30586E1D}.Debug|Any CPU.Build.0 = Debug|Any CPU
		{4214958D-410A-4538-920C-9DCD30586E1D}.Release|Any CPU.ActiveCfg = Release|Any CPU
		{4214958D-410A-4538-920C-9DCD30586E1D}.Release|Any CPU.Build.0 = Release|Any CPU
		{91FEABB3-D978-49C3-832F-F94C525155B5}.Debug|Any CPU.ActiveCfg = Debug|Any CPU
		{91FEABB3-D978-49C3-832F-F94C525155B5}.Debug|Any CPU.Build.0 = Debug|Any CPU
		{91FEABB3-D978-49C3-832F-F94C525155B5}.Release|Any CPU.ActiveCfg = Release|Any CPU
		{91FEABB3-D978-49C3-832F-F94C525155B5}.Release|Any CPU.Build.0 = Release|Any CPU
		{1ED407C1-9E2F-4395-A012-11FB4D10F4F8}.Debug|Any CPU.ActiveCfg = Debug|Any CPU
		{1ED407C1-9E2F-4395-A012-11FB4D10F4F8}.Debug|Any CPU.Build.0 = Debug|Any CPU
		{1ED407C1-9E2F-4395-A012-11FB4D10F4F8}.Release|Any CPU.ActiveCfg = Release|Any CPU
		{1ED407C1-9E2F-4395-A012-11FB4D10F4F8}.Release|Any CPU.Build.0 = Release|Any CPU
	EndGlobalSection
	GlobalSection(SolutionProperties) = preSolution
		HideSolutionNode = FALSE
	EndGlobalSection
	GlobalSection(NestedProjects) = preSolution
		{61686A8E-FE15-4398-A3C6-9AACF85E6AB4} = {971080DA-8D68-4D6A-B243-1F2C6F5D2C2B}
		{405CC16C-DECD-4BF3-8B44-72361D0B1054} = {971080DA-8D68-4D6A-B243-1F2C6F5D2C2B}
		{47E86074-04D0-4C96-89EC-1CC325D83C7D} = {971080DA-8D68-4D6A-B243-1F2C6F5D2C2B}
	EndGlobalSection
	GlobalSection(ExtensibilityGlobals) = postSolution
		SolutionGuid = {C4B8F77D-4EBE-42E0-9FFB-AC79F2CBA1C6}
	EndGlobalSection
EndGlobal
