
Microsoft Visual Studio Solution File, Format Version 12.00
# Visual Studio Version 17
VisualStudioVersion = 17.0.32126.317
MinimumVisualStudioVersion = 10.0.40219.1
Project("{FAE04EC0-301F-11D3-BF4B-00C04F79EFBC}") = "Tracer.Serialization.Json", "Tracer.Serialization.Json\Tracer.Serialization.Json.csproj", "{71551C8E-2C79-4244-92FC-782B16187218}"
	ProjectSection(ProjectDependencies) = postProject
		{646CB642-8139-46F0-AC01-A8F969A936C6} = {646CB642-8139-46F0-AC01-A8F969A936C6}
	EndProjectSection
EndProject
Project("{FAE04EC0-301F-11D3-BF4B-00C04F79EFBC}") = "Tracer.Serialization.Yaml", "Tracer.Serialization.Yaml\Tracer.Serialization.Yaml.csproj", "{294E5D75-F327-464B-A88B-649163960DB9}"
EndProject
Project("{FAE04EC0-301F-11D3-BF4B-00C04F79EFBC}") = "Tracer.Serialization.Xml", "Tracer.Serialization.Xml\Tracer.Serialization.Xml.csproj", "{92C1D05C-1107-4DE9-A2BE-0764DD874F3D}"
EndProject
Project("{2150E333-8FDC-42A3-9474-1A3956D46DE8}") = "Tracer", "Tracer", "{E726DAE0-5456-4E7B-B15F-0AC63D4D6B8A}"
EndProject
Project("{9A19103F-16F7-4668-BE54-9A1E7A4F7556}") = "Tracer.Serialization.Abstractions", "..\Tracer\Tracer.Serialization.Abstractions\Tracer.Serialization.Abstractions.csproj", "{646CB642-8139-46F0-AC01-A8F969A936C6}"
EndProject
Global
	GlobalSection(SolutionConfigurationPlatforms) = preSolution
		Debug|Any CPU = Debug|Any CPU
		Release|Any CPU = Release|Any CPU
	EndGlobalSection
	GlobalSection(ProjectConfigurationPlatforms) = postSolution
		{71551C8E-2C79-4244-92FC-782B16187218}.Debug|Any CPU.ActiveCfg = Debug|Any CPU
		{71551C8E-2C79-4244-92FC-782B16187218}.Debug|Any CPU.Build.0 = Debug|Any CPU
		{71551C8E-2C79-4244-92FC-782B16187218}.Release|Any CPU.ActiveCfg = Release|Any CPU
		{71551C8E-2C79-4244-92FC-782B16187218}.Release|Any CPU.Build.0 = Release|Any CPU
		{294E5D75-F327-464B-A88B-649163960DB9}.Debug|Any CPU.ActiveCfg = Debug|Any CPU
		{294E5D75-F327-464B-A88B-649163960DB9}.Debug|Any CPU.Build.0 = Debug|Any CPU
		{294E5D75-F327-464B-A88B-649163960DB9}.Release|Any CPU.ActiveCfg = Release|Any CPU
		{294E5D75-F327-464B-A88B-649163960DB9}.Release|Any CPU.Build.0 = Release|Any CPU
		{92C1D05C-1107-4DE9-A2BE-0764DD874F3D}.Debug|Any CPU.ActiveCfg = Debug|Any CPU
		{92C1D05C-1107-4DE9-A2BE-0764DD874F3D}.Debug|Any CPU.Build.0 = Debug|Any CPU
		{92C1D05C-1107-4DE9-A2BE-0764DD874F3D}.Release|Any CPU.ActiveCfg = Release|Any CPU
		{92C1D05C-1107-4DE9-A2BE-0764DD874F3D}.Release|Any CPU.Build.0 = Release|Any CPU
		{646CB642-8139-46F0-AC01-A8F969A936C6}.Debug|Any CPU.ActiveCfg = Debug|Any CPU
		{646CB642-8139-46F0-AC01-A8F969A936C6}.Debug|Any CPU.Build.0 = Debug|Any CPU
		{646CB642-8139-46F0-AC01-A8F969A936C6}.Release|Any CPU.ActiveCfg = Release|Any CPU
		{646CB642-8139-46F0-AC01-A8F969A936C6}.Release|Any CPU.Build.0 = Release|Any CPU
	EndGlobalSection
	GlobalSection(SolutionProperties) = preSolution
		HideSolutionNode = FALSE
	EndGlobalSection
	GlobalSection(NestedProjects) = preSolution
		{646CB642-8139-46F0-AC01-A8F969A936C6} = {E726DAE0-5456-4E7B-B15F-0AC63D4D6B8A}
	EndGlobalSection
	GlobalSection(ExtensibilityGlobals) = postSolution
		SolutionGuid = {805854E1-B282-4165-96A7-9666F55A845C}
	EndGlobalSection
EndGlobal
